
Microsoft Visual Studio Solution File, Format Version 12.00
# Visual Studio 2012
Project("{FAE04EC0-301F-11D3-BF4B-00C04F79EFBC}") = "UnrealScriptUnitTestParser", "UnrealScriptUnitTestParser\UnrealScriptUnitTestParser.csproj", "{4B5675A0-33FF-43A1-9BD2-6892623283C5}"
EndProject
Project("{FAE04EC0-301F-11D3-BF4B-00C04F79EFBC}") = "UnitTests", "UnitTests\UnitTests.csproj", "{EE1D024D-BC25-47F3-B13E-8796F69DBBF1}"
EndProject
Project("{FAE04EC0-301F-11D3-BF4B-00C04F79EFBC}") = "TestRunnerFormsGui", "TestRunnerFormsGui\TestRunnerFormsGui.csproj", "{81C43C84-D090-480D-9A49-4927A6BF03AA}"
EndProject
Project("{2150E333-8FDC-42A3-9474-1A3956D46DE8}") = ".nuget", ".nuget", "{0EF410A1-67CD-48CC-9BA2-3456BE56033D}"
	ProjectSection(SolutionItems) = preProject
		.nuget\NuGet.Config = .nuget\NuGet.Config
		.nuget\NuGet.exe = .nuget\NuGet.exe
		.nuget\NuGet.targets = .nuget\NuGet.targets
	EndProjectSection
EndProject
Global
	GlobalSection(SolutionConfigurationPlatforms) = preSolution
		Debug|Any CPU = Debug|Any CPU
		Release|Any CPU = Release|Any CPU
	EndGlobalSection
	GlobalSection(ProjectConfigurationPlatforms) = postSolution
		{4B5675A0-33FF-43A1-9BD2-6892623283C5}.Debug|Any CPU.ActiveCfg = Debug|Any CPU
		{4B5675A0-33FF-43A1-9BD2-6892623283C5}.Debug|Any CPU.Build.0 = Debug|Any CPU
		{4B5675A0-33FF-43A1-9BD2-6892623283C5}.Release|Any CPU.ActiveCfg = Release|Any CPU
		{4B5675A0-33FF-43A1-9BD2-6892623283C5}.Release|Any CPU.Build.0 = Release|Any CPU
		{EE1D024D-BC25-47F3-B13E-8796F69DBBF1}.Debug|Any CPU.ActiveCfg = Debug|Any CPU
		{EE1D024D-BC25-47F3-B13E-8796F69DBBF1}.Debug|Any CPU.Build.0 = Debug|Any CPU
		{EE1D024D-BC25-47F3-B13E-8796F69DBBF1}.Release|Any CPU.ActiveCfg = Release|Any CPU
		{EE1D024D-BC25-47F3-B13E-8796F69DBBF1}.Release|Any CPU.Build.0 = Release|Any CPU
		{81C43C84-D090-480D-9A49-4927A6BF03AA}.Debug|Any CPU.ActiveCfg = Debug|Any CPU
		{81C43C84-D090-480D-9A49-4927A6BF03AA}.Debug|Any CPU.Build.0 = Debug|Any CPU
		{81C43C84-D090-480D-9A49-4927A6BF03AA}.Release|Any CPU.ActiveCfg = Release|Any CPU
		{81C43C84-D090-480D-9A49-4927A6BF03AA}.Release|Any CPU.Build.0 = Release|Any CPU
	EndGlobalSection
	GlobalSection(SolutionProperties) = preSolution
		HideSolutionNode = FALSE
	EndGlobalSection
EndGlobal
